// !$*UTF8*$!
{
	archiveVersion = 1;
	classes = {
	};
	objectVersion = 56;
	objects = {

/* Begin PBXFileReference section */
		25E7CB6B2C05D9EA00262BA4 /* Makefile */ = {isa = PBXFileReference; lastKnownFileType = sourcecode.make; path = Makefile; sourceTree = "<group>"; };
		25E7CB6C2C05D9EA00262BA4 /* mobile.cpp */ = {isa = PBXFileReference; lastKnownFileType = sourcecode.cpp.cpp; path = mobile.cpp; sourceTree = "<group>"; };
		25E7CB6D2C05D9EA00262BA4 /* gtk.hpp */ = {isa = PBXFileReference; lastKnownFileType = sourcecode.cpp.h; path = gtk.hpp; sourceTree = "<group>"; };
		25E7CB6E2C05D9EA00262BA4 /* README */ = {isa = PBXFileReference; lastKnownFileType = text; path = README; sourceTree = "<group>"; };
		25E7CB6F2C05D9EA00262BA4 /* Makefile.am */ = {isa = PBXFileReference; lastKnownFileType = text; path = Makefile.am; sourceTree = "<group>"; };
		25E7CB702C05D9EA00262BA4 /* .deps */ = {isa = PBXFileReference; lastKnownFileType = folder; path = .deps; sourceTree = "<group>"; };
		25E7CB712C05D9EA00262BA4 /* Makefile.in */ = {isa = PBXFileReference; lastKnownFileType = text; path = Makefile.in; sourceTree = "<group>"; };
/* End PBXFileReference section */

/* Begin PBXGroup section */
		25E7CB652C05D9EA00262BA4 = {
			isa = PBXGroup;
			children = (
				25E7CB6B2C05D9EA00262BA4 /* Makefile */,
				25E7CB6C2C05D9EA00262BA4 /* mobile.cpp */,
				25E7CB6D2C05D9EA00262BA4 /* gtk.hpp */,
				25E7CB6E2C05D9EA00262BA4 /* README */,
				25E7CB6F2C05D9EA00262BA4 /* Makefile.am */,
				25E7CB702C05D9EA00262BA4 /* .deps */,
				25E7CB712C05D9EA00262BA4 /* Makefile.in */,
			);
			sourceTree = "<group>";
		};
/* End PBXGroup section */

/* Begin PBXLegacyTarget section */
		25E7CB6A2C05D9EA00262BA4 /* gtk */ = {
			isa = PBXLegacyTarget;
			buildArgumentsString = "$(ACTION)";
			buildConfigurationList = 25E7CB722C05D9EA00262BA4 /* Build configuration list for PBXLegacyTarget "gtk" */;
			buildPhases = (
			);
			buildToolPath = /usr/bin/make;
			buildWorkingDirectory = "/Users/karthik/Desktop/online-master/gtk";
			dependencies = (
			);
			name = gtk;
			passBuildSettingsInEnvironment = 1;
			productName = gtk;
		};
/* End PBXLegacyTarget section */

/* Begin PBXProject section */
		25E7CB662C05D9EA00262BA4 /* Project object */ = {
			isa = PBXProject;
			attributes = {
				BuildIndependentTargetsInParallel = 1;
			};
			buildConfigurationList = 25E7CB692C05D9EA00262BA4 /* Build configuration list for PBXProject "gtk" */;
			compatibilityVersion = "Xcode 14.0";
			developmentRegion = en;
			hasScannedForEncodings = 0;
			knownRegions = (
				en,
				Base,
			);
			mainGroup = 25E7CB652C05D9EA00262BA4;
			projectDirPath = "";
			projectRoot = "";
			targets = (
				25E7CB6A2C05D9EA00262BA4 /* gtk */,
			);
		};
/* End PBXProject section */

/* Begin XCBuildConfiguration section */
		25E7CB672C05D9EA00262BA4 /* Debug */ = {
			isa = XCBuildConfiguration;
			buildSettings = {
				ARCHS = "$(ARCHS_STANDARD_32_BIT)";
				COPY_PHASE_STRIP = NO;
				GCC_WARN_ABOUT_RETURN_TYPE = YES;
				GCC_WARN_UNUSED_VARIABLE = YES;
				ONLY_ACTIVE_ARCH = YES;
				SDKROOT = macosx10.6;
			};
			name = Debug;
		};
		25E7CB682C05D9EA00262BA4 /* Release */ = {
			isa = XCBuildConfiguration;
			buildSettings = {
				ARCHS = "$(ARCHS_STANDARD_32_BIT)";
				COPY_PHASE_STRIP = YES;
				GCC_WARN_ABOUT_RETURN_TYPE = YES;
				GCC_WARN_UNUSED_VARIABLE = YES;
				SDKROOT = macosx10.6;
			};
			name = Release;
		};
		25E7CB732C05D9EA00262BA4 /* Debug */ = {
			isa = XCBuildConfiguration;
			buildSettings = {
				COPY_PHASE_STRIP = NO;
				DEBUGGING_SYMBOLS = YES;
				GCC_DYNAMIC_NO_PIC = NO;
				GCC_ENABLE_FIX_AND_CONTINUE = YES;
				GCC_GENERATE_DEBUGGING_SYMBOLS = YES;
				GCC_OPTIMIZATION_LEVEL = 0;
				OTHER_CFLAGS = "";
				OTHER_LDFLAGS = "";
				PRODUCT_NAME = gtk;
			};
			name = Debug;
		};
		25E7CB742C05D9EA00262BA4 /* Release */ = {
			isa = XCBuildConfiguration;
			buildSettings = {
				COPY_PHASE_STRIP = YES;
				DEBUG_INFORMATION_FORMAT = "dwarf-with-dsym";
				GCC_ENABLE_FIX_AND_CONTINUE = NO;
				OTHER_CFLAGS = "";
				OTHER_LDFLAGS = "";
				PRODUCT_NAME = gtk;
			};
			name = Release;
		};
/* End XCBuildConfiguration section */

/* Begin XCConfigurationList section */
		25E7CB692C05D9EA00262BA4 /* Build configuration list for PBXProject "gtk" */ = {
			isa = XCConfigurationList;
			buildConfigurations = (
				25E7CB672C05D9EA00262BA4 /* Debug */,
				25E7CB682C05D9EA00262BA4 /* Release */,
			);
			defaultConfigurationIsVisible = 0;
			defaultConfigurationName = Release;
		};
		25E7CB722C05D9EA00262BA4 /* Build configuration list for PBXLegacyTarget "gtk" */ = {
			isa = XCConfigurationList;
			buildConfigurations = (
				25E7CB732C05D9EA00262BA4 /* Debug */,
				25E7CB742C05D9EA00262BA4 /* Release */,
			);
			defaultConfigurationIsVisible = 0;
			defaultConfigurationName = Release;
		};
/* End XCConfigurationList section */
	};
	rootObject = 25E7CB662C05D9EA00262BA4 /* Project object */;
}
